// !$*UTF8*$!
{
	archiveVersion = 1;
	classes = {
	};
	objectVersion = 46;
	objects = {

/* Begin PBXBuildFile section */
		1F93D5C01CC9B58F0070ABB3 /* AppDelegate.swift in Sources */ = {isa = PBXBuildFile; fileRef = 1F93D5BF1CC9B58F0070ABB3 /* AppDelegate.swift */; };
		1F93D5C21CC9B58F0070ABB3 /* ViewController.swift in Sources */ = {isa = PBXBuildFile; fileRef = 1F93D5C11CC9B58F0070ABB3 /* ViewController.swift */; };
		1F93D5C51CC9B58F0070ABB3 /* Main.storyboard in Resources */ = {isa = PBXBuildFile; fileRef = 1F93D5C31CC9B58F0070ABB3 /* Main.storyboard */; };
		1F93D5C71CC9B58F0070ABB3 /* Assets.xcassets in Resources */ = {isa = PBXBuildFile; fileRef = 1F93D5C61CC9B58F0070ABB3 /* Assets.xcassets */; };
		1F93D5CA1CC9B58F0070ABB3 /* LaunchScreen.storyboard in Resources */ = {isa = PBXBuildFile; fileRef = 1F93D5C81CC9B58F0070ABB3 /* LaunchScreen.storyboard */; };
		1F93D5D61CC9B8D10070ABB3 /* Fabric.framework in Frameworks */ = {isa = PBXBuildFile; fileRef = 1F93D5D21CC9B8D10070ABB3 /* Fabric.framework */; };
		1F93D5D71CC9B8D10070ABB3 /* TwitterKit.framework in Frameworks */ = {isa = PBXBuildFile; fileRef = 1F93D5D31CC9B8D10070ABB3 /* TwitterKit.framework */; };
		1F93D5D81CC9B8D10070ABB3 /* TwitterKitResources.bundle in Resources */ = {isa = PBXBuildFile; fileRef = 1F93D5D41CC9B8D10070ABB3 /* TwitterKitResources.bundle */; };
		1F93D5D91CC9B8D10070ABB3 /* TwitterCore.framework in Frameworks */ = {isa = PBXBuildFile; fileRef = 1F93D5D51CC9B8D10070ABB3 /* TwitterCore.framework */; };
/* End PBXBuildFile section */

/* Begin PBXFileReference section */
		1F93D5BC1CC9B58F0070ABB3 /* TwitterDemo.app */ = {isa = PBXFileReference; explicitFileType = wrapper.application; includeInIndex = 0; path = TwitterDemo.app; sourceTree = BUILT_PRODUCTS_DIR; };
		1F93D5BF1CC9B58F0070ABB3 /* AppDelegate.swift */ = {isa = PBXFileReference; lastKnownFileType = sourcecode.swift; path = AppDelegate.swift; sourceTree = "<group>"; };
		1F93D5C11CC9B58F0070ABB3 /* ViewController.swift */ = {isa = PBXFileReference; lastKnownFileType = sourcecode.swift; path = ViewController.swift; sourceTree = "<group>"; };
		1F93D5C41CC9B58F0070ABB3 /* Base */ = {isa = PBXFileReference; lastKnownFileType = file.storyboard; name = Base; path = Base.lproj/Main.storyboard; sourceTree = "<group>"; };
		1F93D5C61CC9B58F0070ABB3 /* Assets.xcassets */ = {isa = PBXFileReference; lastKnownFileType = folder.assetcatalog; path = Assets.xcassets; sourceTree = "<group>"; };
		1F93D5C91CC9B58F0070ABB3 /* Base */ = {isa = PBXFileReference; lastKnownFileType = file.storyboard; name = Base; path = Base.lproj/LaunchScreen.storyboard; sourceTree = "<group>"; };
		1F93D5CB1CC9B58F0070ABB3 /* Info.plist */ = {isa = PBXFileReference; lastKnownFileType = text.plist.xml; path = Info.plist; sourceTree = "<group>"; };
		1F93D5D21CC9B8D10070ABB3 /* Fabric.framework */ = {isa = PBXFileReference; lastKnownFileType = wrapper.framework; path = Fabric.framework; sourceTree = "<group>"; };
		1F93D5D31CC9B8D10070ABB3 /* TwitterKit.framework */ = {isa = PBXFileReference; lastKnownFileType = wrapper.framework; path = TwitterKit.framework; sourceTree = "<group>"; };
		1F93D5D41CC9B8D10070ABB3 /* TwitterKitResources.bundle */ = {isa = PBXFileReference; lastKnownFileType = "wrapper.plug-in"; path = TwitterKitResources.bundle; sourceTree = "<group>"; };
		1F93D5D51CC9B8D10070ABB3 /* TwitterCore.framework */ = {isa = PBXFileReference; lastKnownFileType = wrapper.framework; path = TwitterCore.framework; sourceTree = "<group>"; };
/* End PBXFileReference section */

/* Begin PBXFrameworksBuildPhase section */
		1F93D5B91CC9B58F0070ABB3 /* Frameworks */ = {
			isa = PBXFrameworksBuildPhase;
			buildActionMask = 2147483647;
			files = (
				1F93D5D61CC9B8D10070ABB3 /* Fabric.framework in Frameworks */,
				1F93D5D91CC9B8D10070ABB3 /* TwitterCore.framework in Frameworks */,
				1F93D5D71CC9B8D10070ABB3 /* TwitterKit.framework in Frameworks */,
			);
			runOnlyForDeploymentPostprocessing = 0;
		};
/* End PBXFrameworksBuildPhase section */

/* Begin PBXGroup section */
		1F93D5B31CC9B58F0070ABB3 = {
			isa = PBXGroup;
			children = (
				1F93D5BE1CC9B58F0070ABB3 /* TwitterDemo */,
				1F93D5BD1CC9B58F0070ABB3 /* Products */,
			);
			sourceTree = "<group>";
		};
		1F93D5BD1CC9B58F0070ABB3 /* Products */ = {
			isa = PBXGroup;
			children = (
				1F93D5BC1CC9B58F0070ABB3 /* TwitterDemo.app */,
			);
			name = Products;
			sourceTree = "<group>";
		};
		1F93D5BE1CC9B58F0070ABB3 /* TwitterDemo */ = {
			isa = PBXGroup;
			children = (
				1F93D5BF1CC9B58F0070ABB3 /* AppDelegate.swift */,
				1F93D5C11CC9B58F0070ABB3 /* ViewController.swift */,
				1F93D5C31CC9B58F0070ABB3 /* Main.storyboard */,
				1F93D5C61CC9B58F0070ABB3 /* Assets.xcassets */,
				1F93D5C81CC9B58F0070ABB3 /* LaunchScreen.storyboard */,
				1F93D5CB1CC9B58F0070ABB3 /* Info.plist */,
				1F93D5D21CC9B8D10070ABB3 /* Fabric.framework */,
				1F93D5D31CC9B8D10070ABB3 /* TwitterKit.framework */,
				1F93D5D41CC9B8D10070ABB3 /* TwitterKitResources.bundle */,
				1F93D5D51CC9B8D10070ABB3 /* TwitterCore.framework */,
			);
			path = TwitterDemo;
			sourceTree = "<group>";
		};
/* End PBXGroup section */

/* Begin PBXNativeTarget section */
		1F93D5BB1CC9B58F0070ABB3 /* TwitterDemo */ = {
			isa = PBXNativeTarget;
			buildConfigurationList = 1F93D5CE1CC9B58F0070ABB3 /* Build configuration list for PBXNativeTarget "TwitterDemo" */;
			buildPhases = (
				1F93D5B81CC9B58F0070ABB3 /* Sources */,
				1F93D5B91CC9B58F0070ABB3 /* Frameworks */,
				1F93D5BA1CC9B58F0070ABB3 /* Resources */,
				1F93D5D11CC9B7C30070ABB3 /* ShellScript */,
			);
			buildRules = (
			);
			dependencies = (
			);
			name = TwitterDemo;
			productName = TwitterDemo;
			productReference = 1F93D5BC1CC9B58F0070ABB3 /* TwitterDemo.app */;
			productType = "com.apple.product-type.application";
		};
/* End PBXNativeTarget section */

/* Begin PBXProject section */
		1F93D5B41CC9B58F0070ABB3 /* Project object */ = {
			isa = PBXProject;
			attributes = {
				LastSwiftUpdateCheck = 0730;
				LastUpgradeCheck = 0730;
				ORGANIZATIONNAME = C4;
				TargetAttributes = {
					1F93D5BB1CC9B58F0070ABB3 = {
						CreatedOnToolsVersion = 7.3;
					};
				};
			};
			buildConfigurationList = 1F93D5B71CC9B58F0070ABB3 /* Build configuration list for PBXProject "TwitterDemo" */;
			compatibilityVersion = "Xcode 3.2";
			developmentRegion = English;
			hasScannedForEncodings = 0;
			knownRegions = (
				en,
				Base,
			);
			mainGroup = 1F93D5B31CC9B58F0070ABB3;
			productRefGroup = 1F93D5BD1CC9B58F0070ABB3 /* Products */;
			projectDirPath = "";
			projectRoot = "";
			targets = (
				1F93D5BB1CC9B58F0070ABB3 /* TwitterDemo */,
			);
		};
/* End PBXProject section */

/* Begin PBXResourcesBuildPhase section */
		1F93D5BA1CC9B58F0070ABB3 /* Resources */ = {
			isa = PBXResourcesBuildPhase;
			buildActionMask = 2147483647;
			files = (
				1F93D5D81CC9B8D10070ABB3 /* TwitterKitResources.bundle in Resources */,
				1F93D5CA1CC9B58F0070ABB3 /* LaunchScreen.storyboard in Resources */,
				1F93D5C71CC9B58F0070ABB3 /* Assets.xcassets in Resources */,
				1F93D5C51CC9B58F0070ABB3 /* Main.storyboard in Resources */,
			);
			runOnlyForDeploymentPostprocessing = 0;
		};
/* End PBXResourcesBuildPhase section */

/* Begin PBXShellScriptBuildPhase section */
		1F93D5D11CC9B7C30070ABB3 /* ShellScript */ = {
			isa = PBXShellScriptBuildPhase;
			buildActionMask = 2147483647;
			files = (
			);
			inputPaths = (
			);
			outputPaths = (
			);
			runOnlyForDeploymentPostprocessing = 0;
			shellPath = /bin/sh;
			shellScript = "./Fabric.framework/run 8ba2712ac170cb78470c9490d01228ddf7f84099 95a5a6587b08b15f47de50b3381b5fc96fad30a02b508b27fc6ff2a6eeedec7b";
		};
/* End PBXShellScriptBuildPhase section */

/* Begin PBXSourcesBuildPhase section */
		1F93D5B81CC9B58F0070ABB3 /* Sources */ = {
			isa = PBXSourcesBuildPhase;
			buildActionMask = 2147483647;
			files = (
				1F93D5C21CC9B58F0070ABB3 /* ViewController.swift in Sources */,
				1F93D5C01CC9B58F0070ABB3 /* AppDelegate.swift in Sources */,
			);
			runOnlyForDeploymentPostprocessing = 0;
		};
/* End PBXSourcesBuildPhase section */

/* Begin PBXVariantGroup section */
		1F93D5C31CC9B58F0070ABB3 /* Main.storyboard */ = {
			isa = PBXVariantGroup;
			children = (
				1F93D5C41CC9B58F0070ABB3 /* Base */,
			);
			name = Main.storyboard;
			sourceTree = "<group>";
		};
		1F93D5C81CC9B58F0070ABB3 /* LaunchScreen.storyboard */ = {
			isa = PBXVariantGroup;
			children = (
				1F93D5C91CC9B58F0070ABB3 /* Base */,
			);
			name = LaunchScreen.storyboard;
			sourceTree = "<group>";
		};
/* End PBXVariantGroup section */

/* Begin XCBuildConfiguration section */
		1F93D5CC1CC9B58F0070ABB3 /* Debug */ = {
			isa = XCBuildConfiguration;
			buildSettings = {
				ALWAYS_SEARCH_USER_PATHS = NO;
				CLANG_ANALYZER_NONNULL = YES;
				CLANG_CXX_LANGUAGE_STANDARD = "gnu++0x";
				CLANG_CXX_LIBRARY = "libc++";
				CLANG_ENABLE_MODULES = YES;
				CLANG_ENABLE_OBJC_ARC = YES;
				CLANG_WARN_BOOL_CONVERSION = YES;
				CLANG_WARN_CONSTANT_CONVERSION = YES;
				CLANG_WARN_DIRECT_OBJC_ISA_USAGE = YES_ERROR;
				CLANG_WARN_EMPTY_BODY = YES;
				CLANG_WARN_ENUM_CONVERSION = YES;
				CLANG_WARN_INT_CONVERSION = YES;
				CLANG_WARN_OBJC_ROOT_CLASS = YES_ERROR;
				CLANG_WARN_UNREACHABLE_CODE = YES;
				CLANG_WARN__DUPLICATE_METHOD_MATCH = YES;
				"CODE_SIGN_IDENTITY[sdk=iphoneos*]" = "iPhone Developer";
				COPY_PHASE_STRIP = NO;
				DEBUG_INFORMATION_FORMAT = "dwarf-with-dsym";
				ENABLE_STRICT_OBJC_MSGSEND = YES;
				ENABLE_TESTABILITY = YES;
				GCC_C_LANGUAGE_STANDARD = gnu99;
				GCC_DYNAMIC_NO_PIC = NO;
				GCC_NO_COMMON_BLOCKS = YES;
				GCC_OPTIMIZATION_LEVEL = 0;
				GCC_PREPROCESSOR_DEFINITIONS = (
					"DEBUG=1",
					"$(inherited)",
				);
				GCC_WARN_64_TO_32_BIT_CONVERSION = YES;
				GCC_WARN_ABOUT_RETURN_TYPE = YES_ERROR;
				GCC_WARN_UNDECLARED_SELECTOR = YES;
				GCC_WARN_UNINITIALIZED_AUTOS = YES_AGGRESSIVE;
				GCC_WARN_UNUSED_FUNCTION = YES;
				GCC_WARN_UNUSED_VARIABLE = YES;
				IPHONEOS_DEPLOYMENT_TARGET = 9.3;
				MTL_ENABLE_DEBUG_INFO = YES;
				ONLY_ACTIVE_ARCH = YES;
				SDKROOT = iphoneos;
				SWIFT_OPTIMIZATION_LEVEL = "-Onone";
				TARGETED_DEVICE_FAMILY = "1,2";
			};
			name = Debug;
		};
		1F93D5CD1CC9B58F0070ABB3 /* Release */ = {
			isa = XCBuildConfiguration;
			buildSettings = {
				ALWAYS_SEARCH_USER_PATHS = NO;
				CLANG_ANALYZER_NONNULL = YES;
				CLANG_CXX_LANGUAGE_STANDARD = "gnu++0x";
				CLANG_CXX_LIBRARY = "libc++";
				CLANG_ENABLE_MODULES = YES;
				CLANG_ENABLE_OBJC_ARC = YES;
				CLANG_WARN_BOOL_CONVERSION = YES;
				CLANG_WARN_CONSTANT_CONVERSION = YES;
				CLANG_WARN_DIRECT_OBJC_ISA_USAGE = YES_ERROR;
				CLANG_WARN_EMPTY_BODY = YES;
				CLANG_WARN_ENUM_CONVERSION = YES;
				CLANG_WARN_INT_CONVERSION = YES;
				CLANG_WARN_OBJC_ROOT_CLASS = YES_ERROR;
				CLANG_WARN_UNREACHABLE_CODE = YES;
				CLANG_WARN__DUPLICATE_METHOD_MATCH = YES;
				"CODE_SIGN_IDENTITY[sdk=iphoneos*]" = "iPhone Developer";
				COPY_PHASE_STRIP = NO;
				DEBUG_INFORMATION_FORMAT = "dwarf-with-dsym";
				ENABLE_NS_ASSERTIONS = NO;
				ENABLE_STRICT_OBJC_MSGSEND = YES;
				GCC_C_LANGUAGE_STANDARD = gnu99;
				GCC_NO_COMMON_BLOCKS = YES;
				GCC_WARN_64_TO_32_BIT_CONVERSION = YES;
				GCC_WARN_ABOUT_RETURN_TYPE = YES_ERROR;
				GCC_WARN_UNDECLARED_SELECTOR = YES;
				GCC_WARN_UNINITIALIZED_AUTOS = YES_AGGRESSIVE;
				GCC_WARN_UNUSED_FUNCTION = YES;
				GCC_WARN_UNUSED_VARIABLE = YES;
				IPHONEOS_DEPLOYMENT_TARGET = 9.3;
				MTL_ENABLE_DEBUG_INFO = NO;
				SDKROOT = iphoneos;
				TARGETED_DEVICE_FAMILY = "1,2";
				VALIDATE_PRODUCT = YES;
			};
			name = Release;
		};
		1F93D5CF1CC9B58F0070ABB3 /* Debug */ = {
			isa = XCBuildConfiguration;
			buildSettings = {
				ASSETCATALOG_COMPILER_APPICON_NAME = AppIcon;
				DEBUG_INFORMATION_FORMAT = "dwarf-with-dsym";
				FRAMEWORK_SEARCH_PATHS = (
					"$(inherited)",
					"$(PROJECT_DIR)/TwitterDemo",
				);
				INFOPLIST_FILE = TwitterDemo/Info.plist;
				LD_RUNPATH_SEARCH_PATHS = "$(inherited) @executable_path/Frameworks";
				PRODUCT_BUNDLE_IDENTIFIER = C4.TwitterDemo;
				PRODUCT_NAME = "$(TARGET_NAME)";
			};
			name = Debug;
		};
		1F93D5D01CC9B58F0070ABB3 /* Release */ = {
			isa = XCBuildConfiguration;
			buildSettings = {
				ASSETCATALOG_COMPILER_APPICON_NAME = AppIcon;
				DEBUG_INFORMATION_FORMAT = "dwarf-with-dsym";
				FRAMEWORK_SEARCH_PATHS = (
					"$(inherited)",
					"$(PROJECT_DIR)/TwitterDemo",
				);
				INFOPLIST_FILE = TwitterDemo/Info.plist;
				LD_RUNPATH_SEARCH_PATHS = "$(inherited) @executable_path/Frameworks";
				PRODUCT_BUNDLE_IDENTIFIER = C4.TwitterDemo;
				PRODUCT_NAME = "$(TARGET_NAME)";
			};
			name = Release;
		};
/* End XCBuildConfiguration section */

/* Begin XCConfigurationList section */
		1F93D5B71CC9B58F0070ABB3 /* Build configuration list for PBXProject "TwitterDemo" */ = {
			isa = XCConfigurationList;
			buildConfigurations = (
				1F93D5CC1CC9B58F0070ABB3 /* Debug */,
				1F93D5CD1CC9B58F0070ABB3 /* Release */,
			);
			defaultConfigurationIsVisible = 0;
			defaultConfigurationName = Release;
		};
		1F93D5CE1CC9B58F0070ABB3 /* Build configuration list for PBXNativeTarget "TwitterDemo" */ = {
			isa = XCConfigurationList;
			buildConfigurations = (
				1F93D5CF1CC9B58F0070ABB3 /* Debug */,
				1F93D5D01CC9B58F0070ABB3 /* Release */,
			);
			defaultConfigurationIsVisible = 0;
		};
/* End XCConfigurationList section */
	};
	rootObject = 1F93D5B41CC9B58F0070ABB3 /* Project object */;
}
